// !$*UTF8*$!
{
	archiveVersion = 1;
	classes = {
	};
	objectVersion = 50;
	objects = {

/* Begin PBXBuildFile section */
		70395554731480FFB3BB75D0 /* Pods_GitHub_API_emojis.framework in Frameworks */ = {isa = PBXBuildFile; fileRef = F550741045EB58B665F3E991 /* Pods_GitHub_API_emojis.framework */; };
		7A91911A21431491004DE26D /* AppDelegate.swift in Sources */ = {isa = PBXBuildFile; fileRef = 7A91911921431491004DE26D /* AppDelegate.swift */; };
		7A91911C21431491004DE26D /* ViewController.swift in Sources */ = {isa = PBXBuildFile; fileRef = 7A91911B21431491004DE26D /* ViewController.swift */; };
		7A91911F21431491004DE26D /* Main.storyboard in Resources */ = {isa = PBXBuildFile; fileRef = 7A91911D21431491004DE26D /* Main.storyboard */; };
		7A91912121431495004DE26D /* Assets.xcassets in Resources */ = {isa = PBXBuildFile; fileRef = 7A91912021431495004DE26D /* Assets.xcassets */; };
		7A91912421431495004DE26D /* LaunchScreen.storyboard in Resources */ = {isa = PBXBuildFile; fileRef = 7A91912221431495004DE26D /* LaunchScreen.storyboard */; };
		7A91912F21431495004DE26D /* GitHub_API_emojisTests.swift in Sources */ = {isa = PBXBuildFile; fileRef = 7A91912E21431495004DE26D /* GitHub_API_emojisTests.swift */; };
		7A91913A21431495004DE26D /* GitHub_API_emojisUITests.swift in Sources */ = {isa = PBXBuildFile; fileRef = 7A91913921431495004DE26D /* GitHub_API_emojisUITests.swift */; };
		7A919148214315E5004DE26D /* Emoji.swift in Sources */ = {isa = PBXBuildFile; fileRef = 7A919147214315E5004DE26D /* Emoji.swift */; };
		7A91914A21432158004DE26D /* MyCell.swift in Sources */ = {isa = PBXBuildFile; fileRef = 7A91914921432158004DE26D /* MyCell.swift */; };
		7A91914E214322DF004DE26D /* MyCell.xib in Resources */ = {isa = PBXBuildFile; fileRef = 7A91914D214322DF004DE26D /* MyCell.xib */; };
		EF87089E839DBE8E887FE56A /* Pods_GitHub_API_emojisUITests.framework in Frameworks */ = {isa = PBXBuildFile; fileRef = B54B1DCC8518339860CA3AC8 /* Pods_GitHub_API_emojisUITests.framework */; };
		FD02A071D57BCEB34CF190F9 /* Pods_GitHub_API_emojisTests.framework in Frameworks */ = {isa = PBXBuildFile; fileRef = C340017D88B5FB5625753888 /* Pods_GitHub_API_emojisTests.framework */; };
/* End PBXBuildFile section */

/* Begin PBXContainerItemProxy section */
		7A91912B21431495004DE26D /* PBXContainerItemProxy */ = {
			isa = PBXContainerItemProxy;
			containerPortal = 7A91910E21431491004DE26D /* Project object */;
			proxyType = 1;
			remoteGlobalIDString = 7A91911521431491004DE26D;
			remoteInfo = "GitHub API emojis";
		};
		7A91913621431495004DE26D /* PBXContainerItemProxy */ = {
			isa = PBXContainerItemProxy;
			containerPortal = 7A91910E21431491004DE26D /* Project object */;
			proxyType = 1;
			remoteGlobalIDString = 7A91911521431491004DE26D;
			remoteInfo = "GitHub API emojis";
		};
/* End PBXContainerItemProxy section */

/* Begin PBXFileReference section */
		15758B5C76C3B812E12A9CD9 /* Pods-GitHub API emojisUITests.debug.xcconfig */ = {isa = PBXFileReference; includeInIndex = 1; lastKnownFileType = text.xcconfig; name = "Pods-GitHub API emojisUITests.debug.xcconfig"; path = "Pods/Target Support Files/Pods-GitHub API emojisUITests/Pods-GitHub API emojisUITests.debug.xcconfig"; sourceTree = "<group>"; };
		5B1935963890BDA09EA27F77 /* Pods-GitHub API emojisUITests.release.xcconfig */ = {isa = PBXFileReference; includeInIndex = 1; lastKnownFileType = text.xcconfig; name = "Pods-GitHub API emojisUITests.release.xcconfig"; path = "Pods/Target Support Files/Pods-GitHub API emojisUITests/Pods-GitHub API emojisUITests.release.xcconfig"; sourceTree = "<group>"; };
		7822B16AFA393BB56056EDA9 /* Pods-GitHub API emojisTests.debug.xcconfig */ = {isa = PBXFileReference; includeInIndex = 1; lastKnownFileType = text.xcconfig; name = "Pods-GitHub API emojisTests.debug.xcconfig"; path = "Pods/Target Support Files/Pods-GitHub API emojisTests/Pods-GitHub API emojisTests.debug.xcconfig"; sourceTree = "<group>"; };
		7A91911621431491004DE26D /* GitHub API emojis.app */ = {isa = PBXFileReference; explicitFileType = wrapper.application; includeInIndex = 0; path = "GitHub API emojis.app"; sourceTree = BUILT_PRODUCTS_DIR; };
		7A91911921431491004DE26D /* AppDelegate.swift */ = {isa = PBXFileReference; lastKnownFileType = sourcecode.swift; path = AppDelegate.swift; sourceTree = "<group>"; };
		7A91911B21431491004DE26D /* ViewController.swift */ = {isa = PBXFileReference; lastKnownFileType = sourcecode.swift; path = ViewController.swift; sourceTree = "<group>"; };
		7A91911E21431491004DE26D /* Base */ = {isa = PBXFileReference; lastKnownFileType = file.storyboard; name = Base; path = Base.lproj/Main.storyboard; sourceTree = "<group>"; };
		7A91912021431495004DE26D /* Assets.xcassets */ = {isa = PBXFileReference; lastKnownFileType = folder.assetcatalog; path = Assets.xcassets; sourceTree = "<group>"; };
		7A91912321431495004DE26D /* Base */ = {isa = PBXFileReference; lastKnownFileType = file.storyboard; name = Base; path = Base.lproj/LaunchScreen.storyboard; sourceTree = "<group>"; };
		7A91912521431495004DE26D /* Info.plist */ = {isa = PBXFileReference; lastKnownFileType = text.plist.xml; path = Info.plist; sourceTree = "<group>"; };
		7A91912A21431495004DE26D /* GitHub API emojisTests.xctest */ = {isa = PBXFileReference; explicitFileType = wrapper.cfbundle; includeInIndex = 0; path = "GitHub API emojisTests.xctest"; sourceTree = BUILT_PRODUCTS_DIR; };
		7A91912E21431495004DE26D /* GitHub_API_emojisTests.swift */ = {isa = PBXFileReference; lastKnownFileType = sourcecode.swift; path = GitHub_API_emojisTests.swift; sourceTree = "<group>"; };
		7A91913021431495004DE26D /* Info.plist */ = {isa = PBXFileReference; lastKnownFileType = text.plist.xml; path = Info.plist; sourceTree = "<group>"; };
		7A91913521431495004DE26D /* GitHub API emojisUITests.xctest */ = {isa = PBXFileReference; explicitFileType = wrapper.cfbundle; includeInIndex = 0; path = "GitHub API emojisUITests.xctest"; sourceTree = BUILT_PRODUCTS_DIR; };
		7A91913921431495004DE26D /* GitHub_API_emojisUITests.swift */ = {isa = PBXFileReference; lastKnownFileType = sourcecode.swift; path = GitHub_API_emojisUITests.swift; sourceTree = "<group>"; };
		7A91913B21431495004DE26D /* Info.plist */ = {isa = PBXFileReference; lastKnownFileType = text.plist.xml; path = Info.plist; sourceTree = "<group>"; };
		7A919147214315E5004DE26D /* Emoji.swift */ = {isa = PBXFileReference; lastKnownFileType = sourcecode.swift; path = Emoji.swift; sourceTree = "<group>"; };
		7A91914921432158004DE26D /* MyCell.swift */ = {isa = PBXFileReference; lastKnownFileType = sourcecode.swift; path = MyCell.swift; sourceTree = "<group>"; };
		7A91914D214322DF004DE26D /* MyCell.xib */ = {isa = PBXFileReference; lastKnownFileType = file.xib; path = MyCell.xib; sourceTree = "<group>"; };
		AA85E9730700F432D1C8A243 /* Pods-GitHub API emojisTests.release.xcconfig */ = {isa = PBXFileReference; includeInIndex = 1; lastKnownFileType = text.xcconfig; name = "Pods-GitHub API emojisTests.release.xcconfig"; path = "Pods/Target Support Files/Pods-GitHub API emojisTests/Pods-GitHub API emojisTests.release.xcconfig"; sourceTree = "<group>"; };
		B54B1DCC8518339860CA3AC8 /* Pods_GitHub_API_emojisUITests.framework */ = {isa = PBXFileReference; explicitFileType = wrapper.framework; includeInIndex = 0; path = Pods_GitHub_API_emojisUITests.framework; sourceTree = BUILT_PRODUCTS_DIR; };
		C340017D88B5FB5625753888 /* Pods_GitHub_API_emojisTests.framework */ = {isa = PBXFileReference; explicitFileType = wrapper.framework; includeInIndex = 0; path = Pods_GitHub_API_emojisTests.framework; sourceTree = BUILT_PRODUCTS_DIR; };
		DCAA0B537F135E8B3AF1852A /* Pods-GitHub API emojis.release.xcconfig */ = {isa = PBXFileReference; includeInIndex = 1; lastKnownFileType = text.xcconfig; name = "Pods-GitHub API emojis.release.xcconfig"; path = "Pods/Target Support Files/Pods-GitHub API emojis/Pods-GitHub API emojis.release.xcconfig"; sourceTree = "<group>"; };
		E1CEAAC261159B5C545606A7 /* Pods-GitHub API emojis.debug.xcconfig */ = {isa = PBXFileReference; includeInIndex = 1; lastKnownFileType = text.xcconfig; name = "Pods-GitHub API emojis.debug.xcconfig"; path = "Pods/Target Support Files/Pods-GitHub API emojis/Pods-GitHub API emojis.debug.xcconfig"; sourceTree = "<group>"; };
		F550741045EB58B665F3E991 /* Pods_GitHub_API_emojis.framework */ = {isa = PBXFileReference; explicitFileType = wrapper.framework; includeInIndex = 0; path = Pods_GitHub_API_emojis.framework; sourceTree = BUILT_PRODUCTS_DIR; };
/* End PBXFileReference section */

/* Begin PBXFrameworksBuildPhase section */
		7A91911321431491004DE26D /* Frameworks */ = {
			isa = PBXFrameworksBuildPhase;
			buildActionMask = 2147483647;
			files = (
				70395554731480FFB3BB75D0 /* Pods_GitHub_API_emojis.framework in Frameworks */,
			);
			runOnlyForDeploymentPostprocessing = 0;
		};
		7A91912721431495004DE26D /* Frameworks */ = {
			isa = PBXFrameworksBuildPhase;
			buildActionMask = 2147483647;
			files = (
				FD02A071D57BCEB34CF190F9 /* Pods_GitHub_API_emojisTests.framework in Frameworks */,
			);
			runOnlyForDeploymentPostprocessing = 0;
		};
		7A91913221431495004DE26D /* Frameworks */ = {
			isa = PBXFrameworksBuildPhase;
			buildActionMask = 2147483647;
			files = (
				EF87089E839DBE8E887FE56A /* Pods_GitHub_API_emojisUITests.framework in Frameworks */,
			);
			runOnlyForDeploymentPostprocessing = 0;
		};
/* End PBXFrameworksBuildPhase section */

/* Begin PBXGroup section */
		135B6B81610CF07DC02F949A /* Pods */ = {
			isa = PBXGroup;
			children = (
				E1CEAAC261159B5C545606A7 /* Pods-GitHub API emojis.debug.xcconfig */,
				DCAA0B537F135E8B3AF1852A /* Pods-GitHub API emojis.release.xcconfig */,
				7822B16AFA393BB56056EDA9 /* Pods-GitHub API emojisTests.debug.xcconfig */,
				AA85E9730700F432D1C8A243 /* Pods-GitHub API emojisTests.release.xcconfig */,
				15758B5C76C3B812E12A9CD9 /* Pods-GitHub API emojisUITests.debug.xcconfig */,
				5B1935963890BDA09EA27F77 /* Pods-GitHub API emojisUITests.release.xcconfig */,
			);
			name = Pods;
			sourceTree = "<group>";
		};
		7A91910D21431491004DE26D = {
			isa = PBXGroup;
			children = (
				7A91911821431491004DE26D /* GitHub API emojis */,
				7A91912D21431495004DE26D /* GitHub API emojisTests */,
				7A91913821431495004DE26D /* GitHub API emojisUITests */,
				7A91911721431491004DE26D /* Products */,
				135B6B81610CF07DC02F949A /* Pods */,
				9DA5FD6DFCDEDA5896E145B6 /* Frameworks */,
			);
			sourceTree = "<group>";
		};
		7A91911721431491004DE26D /* Products */ = {
			isa = PBXGroup;
			children = (
				7A91911621431491004DE26D /* GitHub API emojis.app */,
				7A91912A21431495004DE26D /* GitHub API emojisTests.xctest */,
				7A91913521431495004DE26D /* GitHub API emojisUITests.xctest */,
			);
			name = Products;
			sourceTree = "<group>";
		};
		7A91911821431491004DE26D /* GitHub API emojis */ = {
			isa = PBXGroup;
			children = (
				7A91911921431491004DE26D /* AppDelegate.swift */,
				7A91911B21431491004DE26D /* ViewController.swift */,
				7A91911D21431491004DE26D /* Main.storyboard */,
				7A91912021431495004DE26D /* Assets.xcassets */,
				7A91912221431495004DE26D /* LaunchScreen.storyboard */,
				7A91912521431495004DE26D /* Info.plist */,
				7A919147214315E5004DE26D /* Emoji.swift */,
				7A91914921432158004DE26D /* MyCell.swift */,
				7A91914D214322DF004DE26D /* MyCell.xib */,
			);
			path = "GitHub API emojis";
			sourceTree = "<group>";
		};
		7A91912D21431495004DE26D /* GitHub API emojisTests */ = {
			isa = PBXGroup;
			children = (
				7A91912E21431495004DE26D /* GitHub_API_emojisTests.swift */,
				7A91913021431495004DE26D /* Info.plist */,
			);
			path = "GitHub API emojisTests";
			sourceTree = "<group>";
		};
		7A91913821431495004DE26D /* GitHub API emojisUITests */ = {
			isa = PBXGroup;
			children = (
				7A91913921431495004DE26D /* GitHub_API_emojisUITests.swift */,
				7A91913B21431495004DE26D /* Info.plist */,
			);
			path = "GitHub API emojisUITests";
			sourceTree = "<group>";
		};
		9DA5FD6DFCDEDA5896E145B6 /* Frameworks */ = {
			isa = PBXGroup;
			children = (
				F550741045EB58B665F3E991 /* Pods_GitHub_API_emojis.framework */,
				C340017D88B5FB5625753888 /* Pods_GitHub_API_emojisTests.framework */,
				B54B1DCC8518339860CA3AC8 /* Pods_GitHub_API_emojisUITests.framework */,
			);
			name = Frameworks;
			sourceTree = "<group>";
		};
/* End PBXGroup section */

/* Begin PBXNativeTarget section */
		7A91911521431491004DE26D /* GitHub API emojis */ = {
			isa = PBXNativeTarget;
			buildConfigurationList = 7A91913E21431495004DE26D /* Build configuration list for PBXNativeTarget "GitHub API emojis" */;
			buildPhases = (
				254E11AA8836E5ABE22C8733 /* [CP] Check Pods Manifest.lock */,
				7A91911221431491004DE26D /* Sources */,
				7A91911321431491004DE26D /* Frameworks */,
				7A91911421431491004DE26D /* Resources */,
				9D5746D3639E337E55F4429C /* [CP] Embed Pods Frameworks */,
			);
			buildRules = (
			);
			dependencies = (
			);
			name = "GitHub API emojis";
			productName = "GitHub API emojis";
			productReference = 7A91911621431491004DE26D /* GitHub API emojis.app */;
			productType = "com.apple.product-type.application";
		};
		7A91912921431495004DE26D /* GitHub API emojisTests */ = {
			isa = PBXNativeTarget;
			buildConfigurationList = 7A91914121431495004DE26D /* Build configuration list for PBXNativeTarget "GitHub API emojisTests" */;
			buildPhases = (
				C3C8B242541A18881E06664D /* [CP] Check Pods Manifest.lock */,
				7A91912621431495004DE26D /* Sources */,
				7A91912721431495004DE26D /* Frameworks */,
				7A91912821431495004DE26D /* Resources */,
			);
			buildRules = (
			);
			dependencies = (
				7A91912C21431495004DE26D /* PBXTargetDependency */,
			);
			name = "GitHub API emojisTests";
			productName = "GitHub API emojisTests";
			productReference = 7A91912A21431495004DE26D /* GitHub API emojisTests.xctest */;
			productType = "com.apple.product-type.bundle.unit-test";
		};
		7A91913421431495004DE26D /* GitHub API emojisUITests */ = {
			isa = PBXNativeTarget;
			buildConfigurationList = 7A91914421431495004DE26D /* Build configuration list for PBXNativeTarget "GitHub API emojisUITests" */;
			buildPhases = (
				C8B69CE75DC7CF688BE752E6 /* [CP] Check Pods Manifest.lock */,
				7A91913121431495004DE26D /* Sources */,
				7A91913221431495004DE26D /* Frameworks */,
				7A91913321431495004DE26D /* Resources */,
			);
			buildRules = (
			);
			dependencies = (
				7A91913721431495004DE26D /* PBXTargetDependency */,
			);
			name = "GitHub API emojisUITests";
			productName = "GitHub API emojisUITests";
			productReference = 7A91913521431495004DE26D /* GitHub API emojisUITests.xctest */;
			productType = "com.apple.product-type.bundle.ui-testing";
		};
/* End PBXNativeTarget section */

/* Begin PBXProject section */
		7A91910E21431491004DE26D /* Project object */ = {
			isa = PBXProject;
			attributes = {
				LastSwiftUpdateCheck = 0940;
				LastUpgradeCheck = 0940;
				ORGANIZATIONNAME = GitHub;
				TargetAttributes = {
					7A91911521431491004DE26D = {
						CreatedOnToolsVersion = 9.4.1;
					};
					7A91912921431495004DE26D = {
						CreatedOnToolsVersion = 9.4.1;
						TestTargetID = 7A91911521431491004DE26D;
					};
					7A91913421431495004DE26D = {
						CreatedOnToolsVersion = 9.4.1;
						TestTargetID = 7A91911521431491004DE26D;
					};
				};
			};
			buildConfigurationList = 7A91911121431491004DE26D /* Build configuration list for PBXProject "GitHub API emojis" */;
			compatibilityVersion = "Xcode 9.3";
			developmentRegion = en;
			hasScannedForEncodings = 0;
			knownRegions = (
				en,
				Base,
			);
			mainGroup = 7A91910D21431491004DE26D;
			productRefGroup = 7A91911721431491004DE26D /* Products */;
			projectDirPath = "";
			projectRoot = "";
			targets = (
				7A91911521431491004DE26D /* GitHub API emojis */,
				7A91912921431495004DE26D /* GitHub API emojisTests */,
				7A91913421431495004DE26D /* GitHub API emojisUITests */,
			);
		};
/* End PBXProject section */

/* Begin PBXResourcesBuildPhase section */
		7A91911421431491004DE26D /* Resources */ = {
			isa = PBXResourcesBuildPhase;
			buildActionMask = 2147483647;
			files = (
				7A91912421431495004DE26D /* LaunchScreen.storyboard in Resources */,
				7A91912121431495004DE26D /* Assets.xcassets in Resources */,
				7A91911F21431491004DE26D /* Main.storyboard in Resources */,
				7A91914E214322DF004DE26D /* MyCell.xib in Resources */,
			);
			runOnlyForDeploymentPostprocessing = 0;
		};
		7A91912821431495004DE26D /* Resources */ = {
			isa = PBXResourcesBuildPhase;
			buildActionMask = 2147483647;
			files = (
			);
			runOnlyForDeploymentPostprocessing = 0;
		};
		7A91913321431495004DE26D /* Resources */ = {
			isa = PBXResourcesBuildPhase;
			buildActionMask = 2147483647;
			files = (
			);
			runOnlyForDeploymentPostprocessing = 0;
		};
/* End PBXResourcesBuildPhase section */

/* Begin PBXShellScriptBuildPhase section */
		254E11AA8836E5ABE22C8733 /* [CP] Check Pods Manifest.lock */ = {
			isa = PBXShellScriptBuildPhase;
			buildActionMask = 2147483647;
			files = (
			);
			inputPaths = (
				"${PODS_PODFILE_DIR_PATH}/Podfile.lock",
				"${PODS_ROOT}/Manifest.lock",
			);
			name = "[CP] Check Pods Manifest.lock";
			outputPaths = (
				"$(DERIVED_FILE_DIR)/Pods-GitHub API emojis-checkManifestLockResult.txt",
			);
			runOnlyForDeploymentPostprocessing = 0;
			shellPath = /bin/sh;
			shellScript = "diff \"${PODS_PODFILE_DIR_PATH}/Podfile.lock\" \"${PODS_ROOT}/Manifest.lock\" > /dev/null\nif [ $? != 0 ] ; then\n    # print error to STDERR\n    echo \"error: The sandbox is not in sync with the Podfile.lock. Run 'pod install' or update your CocoaPods installation.\" >&2\n    exit 1\nfi\n# This output is used by Xcode 'outputs' to avoid re-running this script phase.\necho \"SUCCESS\" > \"${SCRIPT_OUTPUT_FILE_0}\"\n";
			showEnvVarsInLog = 0;
		};
		9D5746D3639E337E55F4429C /* [CP] Embed Pods Frameworks */ = {
			isa = PBXShellScriptBuildPhase;
			buildActionMask = 2147483647;
			files = (
			);
			inputPaths = (
				"${SRCROOT}/Pods/Target Support Files/Pods-GitHub API emojis/Pods-GitHub API emojis-frameworks.sh",
				"${BUILT_PRODUCTS_DIR}/Alamofire/Alamofire.framework",
				"${BUILT_PRODUCTS_DIR}/AlamofireImage/AlamofireImage.framework",
				"${BUILT_PRODUCTS_DIR}/AlamofireNetworkActivityIndicator/AlamofireNetworkActivityIndicator.framework",
				"${BUILT_PRODUCTS_DIR}/EVReflection/EVReflection.framework",
				"${BUILT_PRODUCTS_DIR}/SwiftyJSON/SwiftyJSON.framework",
			);
			name = "[CP] Embed Pods Frameworks";
			outputPaths = (
				"${TARGET_BUILD_DIR}/${FRAMEWORKS_FOLDER_PATH}/Alamofire.framework",
				"${TARGET_BUILD_DIR}/${FRAMEWORKS_FOLDER_PATH}/AlamofireImage.framework",
				"${TARGET_BUILD_DIR}/${FRAMEWORKS_FOLDER_PATH}/AlamofireNetworkActivityIndicator.framework",
				"${TARGET_BUILD_DIR}/${FRAMEWORKS_FOLDER_PATH}/EVReflection.framework",
				"${TARGET_BUILD_DIR}/${FRAMEWORKS_FOLDER_PATH}/SwiftyJSON.framework",
			);
			runOnlyForDeploymentPostprocessing = 0;
			shellPath = /bin/sh;
			shellScript = "\"${SRCROOT}/Pods/Target Support Files/Pods-GitHub API emojis/Pods-GitHub API emojis-frameworks.sh\"\n";
			showEnvVarsInLog = 0;
		};
		C3C8B242541A18881E06664D /* [CP] Check Pods Manifest.lock */ = {
			isa = PBXShellScriptBuildPhase;
			buildActionMask = 2147483647;
			files = (
			);
			inputPaths = (
				"${PODS_PODFILE_DIR_PATH}/Podfile.lock",
				"${PODS_ROOT}/Manifest.lock",
			);
			name = "[CP] Check Pods Manifest.lock";
			outputPaths = (
				"$(DERIVED_FILE_DIR)/Pods-GitHub API emojisTests-checkManifestLockResult.txt",
			);
			runOnlyForDeploymentPostprocessing = 0;
			shellPath = /bin/sh;
			shellScript = "diff \"${PODS_PODFILE_DIR_PATH}/Podfile.lock\" \"${PODS_ROOT}/Manifest.lock\" > /dev/null\nif [ $? != 0 ] ; then\n    # print error to STDERR\n    echo \"error: The sandbox is not in sync with the Podfile.lock. Run 'pod install' or update your CocoaPods installation.\" >&2\n    exit 1\nfi\n# This output is used by Xcode 'outputs' to avoid re-running this script phase.\necho \"SUCCESS\" > \"${SCRIPT_OUTPUT_FILE_0}\"\n";
			showEnvVarsInLog = 0;
		};
		C8B69CE75DC7CF688BE752E6 /* [CP] Check Pods Manifest.lock */ = {
			isa = PBXShellScriptBuildPhase;
			buildActionMask = 2147483647;
			files = (
			);
			inputPaths = (
				"${PODS_PODFILE_DIR_PATH}/Podfile.lock",
				"${PODS_ROOT}/Manifest.lock",
			);
			name = "[CP] Check Pods Manifest.lock";
			outputPaths = (
				"$(DERIVED_FILE_DIR)/Pods-GitHub API emojisUITests-checkManifestLockResult.txt",
			);
			runOnlyForDeploymentPostprocessing = 0;
			shellPath = /bin/sh;
			shellScript = "diff \"${PODS_PODFILE_DIR_PATH}/Podfile.lock\" \"${PODS_ROOT}/Manifest.lock\" > /dev/null\nif [ $? != 0 ] ; then\n    # print error to STDERR\n    echo \"error: The sandbox is not in sync with the Podfile.lock. Run 'pod install' or update your CocoaPods installation.\" >&2\n    exit 1\nfi\n# This output is used by Xcode 'outputs' to avoid re-running this script phase.\necho \"SUCCESS\" > \"${SCRIPT_OUTPUT_FILE_0}\"\n";
			showEnvVarsInLog = 0;
		};
/* End PBXShellScriptBuildPhase section */

/* Begin PBXSourcesBuildPhase section */
		7A91911221431491004DE26D /* Sources */ = {
			isa = PBXSourcesBuildPhase;
			buildActionMask = 2147483647;
			files = (
				7A919148214315E5004DE26D /* Emoji.swift in Sources */,
				7A91914A21432158004DE26D /* MyCell.swift in Sources */,
				7A91911C21431491004DE26D /* ViewController.swift in Sources */,
				7A91911A21431491004DE26D /* AppDelegate.swift in Sources */,
			);
			runOnlyForDeploymentPostprocessing = 0;
		};
		7A91912621431495004DE26D /* Sources */ = {
			isa = PBXSourcesBuildPhase;
			buildActionMask = 2147483647;
			files = (
				7A91912F21431495004DE26D /* GitHub_API_emojisTests.swift in Sources */,
			);
			runOnlyForDeploymentPostprocessing = 0;
		};
		7A91913121431495004DE26D /* Sources */ = {
			isa = PBXSourcesBuildPhase;
			buildActionMask = 2147483647;
			files = (
				7A91913A21431495004DE26D /* GitHub_API_emojisUITests.swift in Sources */,
			);
			runOnlyForDeploymentPostprocessing = 0;
		};
/* End PBXSourcesBuildPhase section */

/* Begin PBXTargetDependency section */
		7A91912C21431495004DE26D /* PBXTargetDependency */ = {
			isa = PBXTargetDependency;
			target = 7A91911521431491004DE26D /* GitHub API emojis */;
			targetProxy = 7A91912B21431495004DE26D /* PBXContainerItemProxy */;
		};
		7A91913721431495004DE26D /* PBXTargetDependency */ = {
			isa = PBXTargetDependency;
			target = 7A91911521431491004DE26D /* GitHub API emojis */;
			targetProxy = 7A91913621431495004DE26D /* PBXContainerItemProxy */;
		};
/* End PBXTargetDependency section */

/* Begin PBXVariantGroup section */
		7A91911D21431491004DE26D /* Main.storyboard */ = {
			isa = PBXVariantGroup;
			children = (
				7A91911E21431491004DE26D /* Base */,
			);
			name = Main.storyboard;
			sourceTree = "<group>";
		};
		7A91912221431495004DE26D /* LaunchScreen.storyboard */ = {
			isa = PBXVariantGroup;
			children = (
				7A91912321431495004DE26D /* Base */,
			);
			name = LaunchScreen.storyboard;
			sourceTree = "<group>";
		};
/* End PBXVariantGroup section */

/* Begin XCBuildConfiguration section */
		7A91913C21431495004DE26D /* Debug */ = {
			isa = XCBuildConfiguration;
			buildSettings = {
				ALWAYS_SEARCH_USER_PATHS = NO;
				CLANG_ANALYZER_NONNULL = YES;
				CLANG_ANALYZER_NUMBER_OBJECT_CONVERSION = YES_AGGRESSIVE;
				CLANG_CXX_LANGUAGE_STANDARD = "gnu++14";
				CLANG_CXX_LIBRARY = "libc++";
				CLANG_ENABLE_MODULES = YES;
				CLANG_ENABLE_OBJC_ARC = YES;
				CLANG_ENABLE_OBJC_WEAK = YES;
				CLANG_WARN_BLOCK_CAPTURE_AUTORELEASING = YES;
				CLANG_WARN_BOOL_CONVERSION = YES;
				CLANG_WARN_COMMA = YES;
				CLANG_WARN_CONSTANT_CONVERSION = YES;
				CLANG_WARN_DEPRECATED_OBJC_IMPLEMENTATIONS = YES;
				CLANG_WARN_DIRECT_OBJC_ISA_USAGE = YES_ERROR;
				CLANG_WARN_DOCUMENTATION_COMMENTS = YES;
				CLANG_WARN_EMPTY_BODY = YES;
				CLANG_WARN_ENUM_CONVERSION = YES;
				CLANG_WARN_INFINITE_RECURSION = YES;
				CLANG_WARN_INT_CONVERSION = YES;
				CLANG_WARN_NON_LITERAL_NULL_CONVERSION = YES;
				CLANG_WARN_OBJC_IMPLICIT_RETAIN_SELF = YES;
				CLANG_WARN_OBJC_LITERAL_CONVERSION = YES;
				CLANG_WARN_OBJC_ROOT_CLASS = YES_ERROR;
				CLANG_WARN_RANGE_LOOP_ANALYSIS = YES;
				CLANG_WARN_STRICT_PROTOTYPES = YES;
				CLANG_WARN_SUSPICIOUS_MOVE = YES;
				CLANG_WARN_UNGUARDED_AVAILABILITY = YES_AGGRESSIVE;
				CLANG_WARN_UNREACHABLE_CODE = YES;
				CLANG_WARN__DUPLICATE_METHOD_MATCH = YES;
				CODE_SIGN_IDENTITY = "iPhone Developer";
				COPY_PHASE_STRIP = NO;
				DEBUG_INFORMATION_FORMAT = dwarf;
				ENABLE_STRICT_OBJC_MSGSEND = YES;
				ENABLE_TESTABILITY = YES;
				GCC_C_LANGUAGE_STANDARD = gnu11;
				GCC_DYNAMIC_NO_PIC = NO;
				GCC_NO_COMMON_BLOCKS = YES;
				GCC_OPTIMIZATION_LEVEL = 0;
				GCC_PREPROCESSOR_DEFINITIONS = (
					"DEBUG=1",
					"$(inherited)",
				);
				GCC_WARN_64_TO_32_BIT_CONVERSION = YES;
				GCC_WARN_ABOUT_RETURN_TYPE = YES_ERROR;
				GCC_WARN_UNDECLARED_SELECTOR = YES;
				GCC_WARN_UNINITIALIZED_AUTOS = YES_AGGRESSIVE;
				GCC_WARN_UNUSED_FUNCTION = YES;
				GCC_WARN_UNUSED_VARIABLE = YES;
				IPHONEOS_DEPLOYMENT_TARGET = 11.4;
				MTL_ENABLE_DEBUG_INFO = YES;
				ONLY_ACTIVE_ARCH = YES;
				SDKROOT = iphoneos;
				SWIFT_ACTIVE_COMPILATION_CONDITIONS = DEBUG;
				SWIFT_OPTIMIZATION_LEVEL = "-Onone";
			};
			name = Debug;
		};
		7A91913D21431495004DE26D /* Release */ = {
			isa = XCBuildConfiguration;
			buildSettings = {
				ALWAYS_SEARCH_USER_PATHS = NO;
				CLANG_ANALYZER_NONNULL = YES;
				CLANG_ANALYZER_NUMBER_OBJECT_CONVERSION = YES_AGGRESSIVE;
				CLANG_CXX_LANGUAGE_STANDARD = "gnu++14";
				CLANG_CXX_LIBRARY = "libc++";
				CLANG_ENABLE_MODULES = YES;
				CLANG_ENABLE_OBJC_ARC = YES;
				CLANG_ENABLE_OBJC_WEAK = YES;
				CLANG_WARN_BLOCK_CAPTURE_AUTORELEASING = YES;
				CLANG_WARN_BOOL_CONVERSION = YES;
				CLANG_WARN_COMMA = YES;
				CLANG_WARN_CONSTANT_CONVERSION = YES;
				CLANG_WARN_DEPRECATED_OBJC_IMPLEMENTATIONS = YES;
				CLANG_WARN_DIRECT_OBJC_ISA_USAGE = YES_ERROR;
				CLANG_WARN_DOCUMENTATION_COMMENTS = YES;
				CLANG_WARN_EMPTY_BODY = YES;
				CLANG_WARN_ENUM_CONVERSION = YES;
				CLANG_WARN_INFINITE_RECURSION = YES;
				CLANG_WARN_INT_CONVERSION = YES;
				CLANG_WARN_NON_LITERAL_NULL_CONVERSION = YES;
				CLANG_WARN_OBJC_IMPLICIT_RETAIN_SELF = YES;
				CLANG_WARN_OBJC_LITERAL_CONVERSION = YES;
				CLANG_WARN_OBJC_ROOT_CLASS = YES_ERROR;
				CLANG_WARN_RANGE_LOOP_ANALYSIS = YES;
				CLANG_WARN_STRICT_PROTOTYPES = YES;
				CLANG_WARN_SUSPICIOUS_MOVE = YES;
				CLANG_WARN_UNGUARDED_AVAILABILITY = YES_AGGRESSIVE;
				CLANG_WARN_UNREACHABLE_CODE = YES;
				CLANG_WARN__DUPLICATE_METHOD_MATCH = YES;
				CODE_SIGN_IDENTITY = "iPhone Developer";
				COPY_PHASE_STRIP = NO;
				DEBUG_INFORMATION_FORMAT = "dwarf-with-dsym";
				ENABLE_NS_ASSERTIONS = NO;
				ENABLE_STRICT_OBJC_MSGSEND = YES;
				GCC_C_LANGUAGE_STANDARD = gnu11;
				GCC_NO_COMMON_BLOCKS = YES;
				GCC_WARN_64_TO_32_BIT_CONVERSION = YES;
				GCC_WARN_ABOUT_RETURN_TYPE = YES_ERROR;
				GCC_WARN_UNDECLARED_SELECTOR = YES;
				GCC_WARN_UNINITIALIZED_AUTOS = YES_AGGRESSIVE;
				GCC_WARN_UNUSED_FUNCTION = YES;
				GCC_WARN_UNUSED_VARIABLE = YES;
				IPHONEOS_DEPLOYMENT_TARGET = 11.4;
				MTL_ENABLE_DEBUG_INFO = NO;
				SDKROOT = iphoneos;
				SWIFT_COMPILATION_MODE = wholemodule;
				SWIFT_OPTIMIZATION_LEVEL = "-O";
				VALIDATE_PRODUCT = YES;
			};
			name = Release;
		};
		7A91913F21431495004DE26D /* Debug */ = {
			isa = XCBuildConfiguration;
			baseConfigurationReference = E1CEAAC261159B5C545606A7 /* Pods-GitHub API emojis.debug.xcconfig */;
			buildSettings = {
				ASSETCATALOG_COMPILER_APPICON_NAME = AppIcon;
				CODE_SIGN_STYLE = Automatic;
				INFOPLIST_FILE = "GitHub API emojis/Info.plist";
				LD_RUNPATH_SEARCH_PATHS = (
					"$(inherited)",
					"@executable_path/Frameworks",
				);
				PRODUCT_BUNDLE_IDENTIFIER = "GitHub.GitHub-API-emojis";
				PRODUCT_NAME = "$(TARGET_NAME)";
				SWIFT_VERSION = 4.0;
				TARGETED_DEVICE_FAMILY = "1,2";
			};
			name = Debug;
		};
		7A91914021431495004DE26D /* Release */ = {
			isa = XCBuildConfiguration;
			baseConfigurationReference = DCAA0B537F135E8B3AF1852A /* Pods-GitHub API emojis.release.xcconfig */;
			buildSettings = {
				ASSETCATALOG_COMPILER_APPICON_NAME = AppIcon;
				CODE_SIGN_STYLE = Automatic;
				INFOPLIST_FILE = "GitHub API emojis/Info.plist";
				LD_RUNPATH_SEARCH_PATHS = (
					"$(inherited)",
					"@executable_path/Frameworks",
				);
				PRODUCT_BUNDLE_IDENTIFIER = "GitHub.GitHub-API-emojis";
				PRODUCT_NAME = "$(TARGET_NAME)";
				SWIFT_VERSION = 4.0;
				TARGETED_DEVICE_FAMILY = "1,2";
			};
			name = Release;
		};
		7A91914221431495004DE26D /* Debug */ = {
			isa = XCBuildConfiguration;
			baseConfigurationReference = 7822B16AFA393BB56056EDA9 /* Pods-GitHub API emojisTests.debug.xcconfig */;
			buildSettings = {
				ALWAYS_EMBED_SWIFT_STANDARD_LIBRARIES = YES;
				BUNDLE_LOADER = "$(TEST_HOST)";
				CODE_SIGN_STYLE = Automatic;
				INFOPLIST_FILE = "GitHub API emojisTests/Info.plist";
				LD_RUNPATH_SEARCH_PATHS = (
					"$(inherited)",
					"@executable_path/Frameworks",
					"@loader_path/Frameworks",
				);
				PRODUCT_BUNDLE_IDENTIFIER = "GitHub.GitHub-API-emojisTests";
				PRODUCT_NAME = "$(TARGET_NAME)";
				SWIFT_VERSION = 4.0;
				TARGETED_DEVICE_FAMILY = "1,2";
				TEST_HOST = "$(BUILT_PRODUCTS_DIR)/GitHub API emojis.app/GitHub API emojis";
			};
			name = Debug;
		};
		7A91914321431495004DE26D /* Release */ = {
			isa = XCBuildConfiguration;
			baseConfigurationReference = AA85E9730700F432D1C8A243 /* Pods-GitHub API emojisTests.release.xcconfig */;
			buildSettings = {
				ALWAYS_EMBED_SWIFT_STANDARD_LIBRARIES = YES;
				BUNDLE_LOADER = "$(TEST_HOST)";
				CODE_SIGN_STYLE = Automatic;
				INFOPLIST_FILE = "GitHub API emojisTests/Info.plist";
				LD_RUNPATH_SEARCH_PATHS = (
					"$(inherited)",
					"@executable_path/Frameworks",
					"@loader_path/Frameworks",
				);
				PRODUCT_BUNDLE_IDENTIFIER = "GitHub.GitHub-API-emojisTests";
				PRODUCT_NAME = "$(TARGET_NAME)";
				SWIFT_VERSION = 4.0;
				TARGETED_DEVICE_FAMILY = "1,2";
				TEST_HOST = "$(BUILT_PRODUCTS_DIR)/GitHub API emojis.app/GitHub API emojis";
			};
			name = Release;
		};
		7A91914521431495004DE26D /* Debug */ = {
			isa = XCBuildConfiguration;
			baseConfigurationReference = 15758B5C76C3B812E12A9CD9 /* Pods-GitHub API emojisUITests.debug.xcconfig */;
			buildSettings = {
				ALWAYS_EMBED_SWIFT_STANDARD_LIBRARIES = YES;
				CODE_SIGN_STYLE = Automatic;
				INFOPLIST_FILE = "GitHub API emojisUITests/Info.plist";
				LD_RUNPATH_SEARCH_PATHS = (
					"$(inherited)",
					"@executable_path/Frameworks",
					"@loader_path/Frameworks",
				);
				PRODUCT_BUNDLE_IDENTIFIER = "GitHub.GitHub-API-emojisUITests";
				PRODUCT_NAME = "$(TARGET_NAME)";
				SWIFT_VERSION = 4.0;
				TARGETED_DEVICE_FAMILY = "1,2";
				TEST_TARGET_NAME = "GitHub API emojis";
			};
			name = Debug;
		};
		7A91914621431495004DE26D /* Release */ = {
			isa = XCBuildConfiguration;
			baseConfigurationReference = 5B1935963890BDA09EA27F77 /* Pods-GitHub API emojisUITests.release.xcconfig */;
			buildSettings = {
				ALWAYS_EMBED_SWIFT_STANDARD_LIBRARIES = YES;
				CODE_SIGN_STYLE = Automatic;
				INFOPLIST_FILE = "GitHub API emojisUITests/Info.plist";
				LD_RUNPATH_SEARCH_PATHS = (
					"$(inherited)",
					"@executable_path/Frameworks",
					"@loader_path/Frameworks",
				);
				PRODUCT_BUNDLE_IDENTIFIER = "GitHub.GitHub-API-emojisUITests";
				PRODUCT_NAME = "$(TARGET_NAME)";
				SWIFT_VERSION = 4.0;
				TARGETED_DEVICE_FAMILY = "1,2";
				TEST_TARGET_NAME = "GitHub API emojis";
			};
			name = Release;
		};
/* End XCBuildConfiguration section */

/* Begin XCConfigurationList section */
		7A91911121431491004DE26D /* Build configuration list for PBXProject "GitHub API emojis" */ = {
			isa = XCConfigurationList;
			buildConfigurations = (
				7A91913C21431495004DE26D /* Debug */,
				7A91913D21431495004DE26D /* Release */,
			);
			defaultConfigurationIsVisible = 0;
			defaultConfigurationName = Release;
		};
		7A91913E21431495004DE26D /* Build configuration list for PBXNativeTarget "GitHub API emojis" */ = {
			isa = XCConfigurationList;
			buildConfigurations = (
				7A91913F21431495004DE26D /* Debug */,
				7A91914021431495004DE26D /* Release */,
			);
			defaultConfigurationIsVisible = 0;
			defaultConfigurationName = Release;
		};
		7A91914121431495004DE26D /* Build configuration list for PBXNativeTarget "GitHub API emojisTests" */ = {
			isa = XCConfigurationList;
			buildConfigurations = (
				7A91914221431495004DE26D /* Debug */,
				7A91914321431495004DE26D /* Release */,
			);
			defaultConfigurationIsVisible = 0;
			defaultConfigurationName = Release;
		};
		7A91914421431495004DE26D /* Build configuration list for PBXNativeTarget "GitHub API emojisUITests" */ = {
			isa = XCConfigurationList;
			buildConfigurations = (
				7A91914521431495004DE26D /* Debug */,
				7A91914621431495004DE26D /* Release */,
			);
			defaultConfigurationIsVisible = 0;
			defaultConfigurationName = Release;
		};
/* End XCConfigurationList section */
	};
	rootObject = 7A91910E21431491004DE26D /* Project object */;
}
